# THIS IS AN AUTOGENERATED FILE. DO NOT EDIT THIS FILE DIRECTLY.
# yarn lockfile v1


"@algolia/cache-browser-local-storage@4.17.2":
  version "4.17.2"
  resolved "https://registry.yarnpkg.com/@algolia/cache-browser-local-storage/-/cache-browser-local-storage-4.17.2.tgz#b83c52789284252858de20b532861d6fb0f128ab"
  integrity sha512-ZkVN7K/JE+qMQbpR6h3gQOGR6yCJpmucSBCmH5YDxnrYbp2CbrVCu0Nr+FGVoWzMJNznj1waShkfQ9awERulLw==
  dependencies:
    "@algolia/cache-common" "4.17.2"

"@algolia/cache-common@4.17.2":
  version "4.17.2"
  resolved "https://registry.yarnpkg.com/@algolia/cache-common/-/cache-common-4.17.2.tgz#025169005e52b2e1e929871d1f5cdd42a7f80e53"
  integrity sha512-fojbhYIS8ovfYs6hwZpy1O4mBfVRxNgAaZRqsdVQd54hU4MxYDYFCxagYX28lOBz7btcDHld6BMoWXvjzkx6iQ==

"@algolia/cache-in-memory@4.17.2":
  version "4.17.2"
  resolved "https://registry.yarnpkg.com/@algolia/cache-in-memory/-/cache-in-memory-4.17.2.tgz#3bb22e0be9073b88d1598c255a87ff7fc494ab1b"
  integrity sha512-UYQcMzPurNi+cPYkuPemTZkjKAjdgAS1hagC5irujKbrYnN4yscK4TkOI5tX+O8/KegtJt3kOK07OIrJ2QDAAw==
  dependencies:
    "@algolia/cache-common" "4.17.2"

"@algolia/client-account@4.17.2":
  version "4.17.2"
  resolved "https://registry.yarnpkg.com/@algolia/client-account/-/client-account-4.17.2.tgz#7e0a824f7c3cbb03b5dc3261ddeed330d7d9be4a"
  integrity sha512-doSk89pBPDpDyKJSHFADIGa2XSGrBCj3QwPvqtRJXDADpN+OjW+eTR8r4hEs/7X4GGfjfAOAES8JgDx+fZntYw==
  dependencies:
    "@algolia/client-common" "4.17.2"
    "@algolia/client-search" "4.17.2"
    "@algolia/transporter" "4.17.2"

"@algolia/client-analytics@4.17.2":
  version "4.17.2"
  resolved "https://registry.yarnpkg.com/@algolia/client-analytics/-/client-analytics-4.17.2.tgz#fedb972d0a230dc2b0c0c1d09f1a3bcd6ea75f91"
  integrity sha512-V+DcXbOtD/hKwAR3qGQrtlrJ3q2f9OKfx843q744o4m3xHv5ueCAvGXB1znPsdaUrVDNAImcgEgqwI9x7EJbDw==
  dependencies:
    "@algolia/client-common" "4.17.2"
    "@algolia/client-search" "4.17.2"
    "@algolia/requester-common" "4.17.2"
    "@algolia/transporter" "4.17.2"

"@algolia/client-common@4.17.2":
  version "4.17.2"
  resolved "https://registry.yarnpkg.com/@algolia/client-common/-/client-common-4.17.2.tgz#411768089df75723d5342c45d97e73e068a5749d"
  integrity sha512-gKBUnjxi0ukJYIJxVREYGt1Dmj1B3RBYbfGWi0dIPp1BC1VvQm+BOuNwsIwmq/x3MPO+sGuK978eKiP3tZDvag==
  dependencies:
    "@algolia/requester-common" "4.17.2"
    "@algolia/transporter" "4.17.2"

"@algolia/client-personalization@4.17.2":
  version "4.17.2"
  resolved "https://registry.yarnpkg.com/@algolia/client-personalization/-/client-personalization-4.17.2.tgz#83e407e57a54a597243196343e97ddcda09bfe26"
  integrity sha512-wc4UgOWxSYWz5wpuelNmlt895jA9twjZWM2ms17Ws8qCvBHF7OVGdMGgbysPB8790YnfvvDnSsWOv3CEj26Eow==
  dependencies:
    "@algolia/client-common" "4.17.2"
    "@algolia/requester-common" "4.17.2"
    "@algolia/transporter" "4.17.2"

"@algolia/client-search@4.17.2":
  version "4.17.2"
  resolved "https://registry.yarnpkg.com/@algolia/client-search/-/client-search-4.17.2.tgz#beaef04daf8e04f171f61500ea5083a2c628161f"
  integrity sha512-FUjIs+gRe0upJC++uVs4sdxMw15JxfkT86Gr/kqVwi9kcqaZhXntSbW/Fw959bIYXczjmeVQsilYvBWW4YvSZA==
  dependencies:
    "@algolia/client-common" "4.17.2"
    "@algolia/requester-common" "4.17.2"
    "@algolia/transporter" "4.17.2"

"@algolia/logger-common@4.17.2":
  version "4.17.2"
  resolved "https://registry.yarnpkg.com/@algolia/logger-common/-/logger-common-4.17.2.tgz#d41a902701e74b7a945448a507ffae3f7ab805dd"
  integrity sha512-EfXuweUE+1HiSMsQidaDWA5Lv4NnStYIlh7PO5pLkI+sdhbMX0e5AO5nUAMIFM1VkEANes70RA8fzhP6OqCqQQ==

"@algolia/logger-console@4.17.2":
  version "4.17.2"
  resolved "https://registry.yarnpkg.com/@algolia/logger-console/-/logger-console-4.17.2.tgz#d6a71d2bf9717e15869c012ef4439e7b6f623f7e"
  integrity sha512-JuG8HGVlJ+l/UEDK4h2Y8q/IEmRjQz1J0aS9tf6GPNbGYiSvMr1DDdZ+hqV3bb1XE6wU8Ypex56HisWMSpnG0A==
  dependencies:
    "@algolia/logger-common" "4.17.2"

"@algolia/requester-browser-xhr@4.17.2":
  version "4.17.2"
  resolved "https://registry.yarnpkg.com/@algolia/requester-browser-xhr/-/requester-browser-xhr-4.17.2.tgz#7153dc2d0a4924d7b214a5f078a2a2c05398ea5d"
  integrity sha512-FKI2lYWwksALfRt2OETFmGb5+P7WVc4py2Ai3H7k8FSfTLwVvs9WVVmtlx6oANQ8RFEK4B85h8DQJTJ29TDfmA==
  dependencies:
    "@algolia/requester-common" "4.17.2"

"@algolia/requester-common@4.17.2":
  version "4.17.2"
  resolved "https://registry.yarnpkg.com/@algolia/requester-common/-/requester-common-4.17.2.tgz#8f390808fcc38e4e734e336a6b56e30eb2a5f5bf"
  integrity sha512-Rfim23ztAhYpE9qm+KCfCRo+YLJCjiiTG+IpDdzUjMpYPhUtirQT0A35YEd/gKn86YNyydxS9w8iRSjwKh+L0A==

"@algolia/requester-node-http@4.17.2":
  version "4.17.2"
  resolved "https://registry.yarnpkg.com/@algolia/requester-node-http/-/requester-node-http-4.17.2.tgz#895ec16b57b5a5b1d6a07b862d48b97a74769392"
  integrity sha512-E0b0kyCDMvUIhQmDNd/mH4fsKJdEEX6PkMKrYJjzm6moo+rP22tqpq4Rfe7DZD8OB6/LsDD3zs3Kvd+L+M5wwQ==
  dependencies:
    "@algolia/requester-common" "4.17.2"

"@algolia/transporter@4.17.2":
  version "4.17.2"
  resolved "https://registry.yarnpkg.com/@algolia/transporter/-/transporter-4.17.2.tgz#06cd0e58d55a27d10560c1113071719176305af6"
  integrity sha512-m8pXlz5OnNzjD1rcw+duCN4jG4yEzkJBsvKYMoN22Oq6rQwy1AY5muZ+IQUs4dL+A364CYkRMLRWhvXpCZ1x+g==
  dependencies:
    "@algolia/cache-common" "4.17.2"
    "@algolia/logger-common" "4.17.2"
    "@algolia/requester-common" "4.17.2"

algoliasearch@^4.0.0:
  version "4.17.2"
  resolved "https://registry.yarnpkg.com/algoliasearch/-/algoliasearch-4.17.2.tgz#ca861340e04a78da8dc5f8c5646ee38c3d8b7ec7"
  integrity sha512-VFu43JJNYIW74awp7oeQcQsPcxOhd8psqBDTfyNO2Zt6L1NqnNMTVnaIdQ+8dtKqUDBqQZp0szPxECvX8CK2Fg==
  dependencies:
    "@algolia/cache-browser-local-storage" "4.17.2"
    "@algolia/cache-common" "4.17.2"
    "@algolia/cache-in-memory" "4.17.2"
    "@algolia/client-account" "4.17.2"
    "@algolia/client-analytics" "4.17.2"
    "@algolia/client-common" "4.17.2"
    "@algolia/client-personalization" "4.17.2"
    "@algolia/client-search" "4.17.2"
    "@algolia/logger-common" "4.17.2"
    "@algolia/logger-console" "4.17.2"
    "@algolia/requester-browser-xhr" "4.17.2"
    "@algolia/requester-common" "4.17.2"
    "@algolia/requester-node-http" "4.17.2"
    "@algolia/transporter" "4.17.2"

asap@~2.0.3:
  version "2.0.6"
  resolved "https://registry.yarnpkg.com/asap/-/asap-2.0.6.tgz#e50347611d7e690943208bbdafebcbc2fb866d46"

babel-runtime@^6.18.0:
  version "6.26.0"
  resolved "https://registry.yarnpkg.com/babel-runtime/-/babel-runtime-6.26.0.tgz#965c7058668e82b55d7bfe04ff2337bc8b5647fe"
  dependencies:
    core-js "^2.4.0"
    regenerator-runtime "^0.11.0"

"bluebird@>= 3.0.1":
  version "3.5.1"
  resolved "https://registry.yarnpkg.com/bluebird/-/bluebird-3.5.1.tgz#d9551f9de98f1fcda1e683d17ee91a0602ee2eb9"

charenc@~0.0.1:
  version "0.0.2"
  resolved "https://registry.yarnpkg.com/charenc/-/charenc-0.0.2.tgz#c0a1d2f3a7092e03774bfa83f14c0fc5790a8667"

cookie@0.3.1:
  version "0.3.1"
  resolved "https://registry.yarnpkg.com/cookie/-/cookie-0.3.1.tgz#e7e0a1f9ef43b4c8ba925c5c5a96e806d16873bb"

core-js@^1.0.0:
  version "1.2.7"
  resolved "https://registry.yarnpkg.com/core-js/-/core-js-1.2.7.tgz#652294c14651db28fa93bd2d5ff2983a4f08c636"

core-js@^2.4.0:
  version "2.5.5"
  resolved "https://registry.yarnpkg.com/core-js/-/core-js-2.5.5.tgz#b14dde936c640c0579a6b50cabcc132dd6127e3b"

crypt@~0.0.1:
  version "0.0.2"
  resolved "https://registry.yarnpkg.com/crypt/-/crypt-0.0.2.tgz#88d7ff7ec0dfb86f713dc87bbb42d044d3e6c41b"

debug@^2.6.8:
  version "2.6.9"
  resolved "https://registry.yarnpkg.com/debug/-/debug-2.6.9.tgz#5d128515df134ff327e90a4c93f4e077a536341f"
  dependencies:
    ms "2.0.0"

draft-js@^0.10.3:
  version "0.10.5"
  resolved "https://registry.yarnpkg.com/draft-js/-/draft-js-0.10.5.tgz#bfa9beb018fe0533dbb08d6675c371a6b08fa742"
  dependencies:
    fbjs "^0.8.15"
    immutable "~3.7.4"
    object-assign "^4.1.0"

emoji-regex@^6.1.1:
  version "6.5.1"
  resolved "https://registry.yarnpkg.com/emoji-regex/-/emoji-regex-6.5.1.tgz#9baea929b155565c11ea41c6626eaa65cef992c2"

encoding@^0.1.11:
  version "0.1.12"
  resolved "https://registry.yarnpkg.com/encoding/-/encoding-0.1.12.tgz#538b66f3ee62cd1ab51ec323829d1f9480c74beb"
  dependencies:
    iconv-lite "~0.4.13"

fbjs@^0.8.15:
  version "0.8.16"
  resolved "https://registry.yarnpkg.com/fbjs/-/fbjs-0.8.16.tgz#5e67432f550dc41b572bf55847b8aca64e5337db"
  dependencies:
    core-js "^1.0.0"
    isomorphic-fetch "^2.1.1"
    loose-envify "^1.0.0"
    object-assign "^4.1.0"
    promise "^7.1.1"
    setimmediate "^1.0.5"
    ua-parser-js "^0.7.9"

iconv-lite@~0.4.13:
  version "0.4.19"
  resolved "https://registry.yarnpkg.com/iconv-lite/-/iconv-lite-0.4.19.tgz#f7468f60135f5e5dad3399c0a81be9a1603a082b"

immutable@~3.7.4:
  version "3.7.6"
  resolved "https://registry.yarnpkg.com/immutable/-/immutable-3.7.6.tgz#13b4d3cb12befa15482a26fe1b2ebae640071e4b"

is-buffer@~1.1.1:
  version "1.1.6"
  resolved "https://registry.yarnpkg.com/is-buffer/-/is-buffer-1.1.6.tgz#efaa2ea9daa0d7ab2ea13a97b2b8ad51fefbe8be"

is-stream@^1.0.1:
  version "1.1.0"
  resolved "https://registry.yarnpkg.com/is-stream/-/is-stream-1.1.0.tgz#12d4a3dd4e68e0b79ceb8dbc84173ae80d91ca44"

isomorphic-fetch@^2.1.1:
  version "2.2.1"
  resolved "https://registry.yarnpkg.com/isomorphic-fetch/-/isomorphic-fetch-2.2.1.tgz#611ae1acf14f5e81f729507472819fe9733558a9"
  dependencies:
    node-fetch "^1.0.1"
    whatwg-fetch ">=0.10.0"

js-tokens@^3.0.0:
  version "3.0.2"
  resolved "https://registry.yarnpkg.com/js-tokens/-/js-tokens-3.0.2.tgz#9866df395102130e38f7f996bceb65443209c25b"

json-stringify-pretty-compact@^1.2.0:
  version "1.2.0"
  resolved "https://registry.yarnpkg.com/json-stringify-pretty-compact/-/json-stringify-pretty-compact-1.2.0.tgz#0bc316b5e6831c07041fc35612487fb4e9ab98b8"

loose-envify@^1.0.0:
  version "1.3.1"
  resolved "https://registry.yarnpkg.com/loose-envify/-/loose-envify-1.3.1.tgz#d1a8ad33fa9ce0e713d65fdd0ac8b748d478c848"
  dependencies:
    js-tokens "^3.0.0"

md5@^2.2.1:
  version "2.2.1"
  resolved "https://registry.yarnpkg.com/md5/-/md5-2.2.1.tgz#53ab38d5fe3c8891ba465329ea23fac0540126f9"
  dependencies:
    charenc "~0.0.1"
    crypt "~0.0.1"
    is-buffer "~1.1.1"

ms@2.0.0:
  version "2.0.0"
  resolved "https://registry.yarnpkg.com/ms/-/ms-2.0.0.tgz#5608aeadfc00be6c2901df5f9861788de0d597c8"

node-env-file@^0.1.8:
  version "0.1.8"
  resolved "https://registry.yarnpkg.com/node-env-file/-/node-env-file-0.1.8.tgz#fccb7b050f735b5a33da9eb937cf6f1ab457fb69"

node-fetch@^1.0.1:
  version "1.7.3"
  resolved "https://registry.yarnpkg.com/node-fetch/-/node-fetch-1.7.3.tgz#980f6f72d85211a5347c6b2bc18c5b84c3eb47ef"
  dependencies:
    encoding "^0.1.11"
    is-stream "^1.0.1"

now-env@^3.1.0:
  version "3.1.0"
  resolved "https://registry.yarnpkg.com/now-env/-/now-env-3.1.0.tgz#e0198b67279d387229cfd4b25de4c2fc7156943f"

object-assign@^4.1.0:
  version "4.1.1"
  resolved "https://registry.yarnpkg.com/object-assign/-/object-assign-4.1.1.tgz#2109adc7965887cfc05cbbd442cac8bfbb360863"

promise@^7.1.1:
  version "7.3.1"
  resolved "https://registry.yarnpkg.com/promise/-/promise-7.3.1.tgz#064b72602b18f90f29192b8b1bc418ffd1ebd3bf"
  dependencies:
    asap "~2.0.3"

raven@^2.6.3:
  version "2.6.3"
  resolved "https://registry.yarnpkg.com/raven/-/raven-2.6.3.tgz#207475a12809277ef54eaceafe2597ff65262ab4"
  dependencies:
    cookie "0.3.1"
    md5 "^2.2.1"
    stack-trace "0.0.10"
    timed-out "4.0.1"
    uuid "3.0.0"

regenerator-runtime@^0.11.0:
  version "0.11.1"
  resolved "https://registry.yarnpkg.com/regenerator-runtime/-/regenerator-runtime-0.11.1.tgz#be05ad7f9bf7d22e056f9726cee5017fbf19e2e9"

rethinkdb-changefeed-reconnect@^0.3.2:
  version "0.3.2"
  resolved "https://registry.yarnpkg.com/rethinkdb-changefeed-reconnect/-/rethinkdb-changefeed-reconnect-0.3.2.tgz#2999f5313205ab35d9ac2d1b0533765ee3376923"
  dependencies:
    babel-runtime "^6.18.0"

rethinkdbdash@^2.3.29:
  version "2.3.31"
  resolved "https://registry.yarnpkg.com/rethinkdbdash/-/rethinkdbdash-2.3.31.tgz#fe2f73d1fa6e6f5d96d8e881292013cf6dca914d"
  dependencies:
    bluebird ">= 3.0.1"

setimmediate@^1.0.5:
  version "1.0.5"
  resolved "https://registry.yarnpkg.com/setimmediate/-/setimmediate-1.0.5.tgz#290cbb232e306942d7d7ea9b83732ab7856f8285"

source-map-support@^0.4.15:
  version "0.4.18"
  resolved "https://registry.yarnpkg.com/source-map-support/-/source-map-support-0.4.18.tgz#0286a6de8be42641338594e97ccea75f0a2c585f"
  dependencies:
    source-map "^0.5.6"

source-map@^0.5.6:
  version "0.5.7"
  resolved "https://registry.yarnpkg.com/source-map/-/source-map-0.5.7.tgz#8a039d2d1021d22d1ea14c80d8ea468ba2ef3fcc"

stack-trace@0.0.10:
  version "0.0.10"
  resolved "https://registry.yarnpkg.com/stack-trace/-/stack-trace-0.0.10.tgz#547c70b347e8d32b4e108ea1a2a159e5fdde19c0"

stopword@^0.1.10:
  version "0.1.10"
  resolved "https://registry.yarnpkg.com/stopword/-/stopword-0.1.10.tgz#22bc2ffbbe387ee1d9773ca093da189fc78a643a"

timed-out@4.0.1:
  version "4.0.1"
  resolved "https://registry.yarnpkg.com/timed-out/-/timed-out-4.0.1.tgz#f32eacac5a175bea25d7fab565ab3ed8741ef56f"

toobusy-js@^0.5.1:
  version "0.5.1"
  resolved "https://registry.yarnpkg.com/toobusy-js/-/toobusy-js-0.5.1.tgz#5511f78f6a87a6a512d44fdb0efa13672217f659"

ua-parser-js@^0.7.9:
  version "0.7.17"
  resolved "https://registry.yarnpkg.com/ua-parser-js/-/ua-parser-js-0.7.17.tgz#e9ec5f9498b9ec910e7ae3ac626a805c4d09ecac"

uuid@3.0.0:
  version "3.0.0"
  resolved "https://registry.yarnpkg.com/uuid/-/uuid-3.0.0.tgz#6728fc0459c450d796a99c31837569bdf672d728"

whatwg-fetch@>=0.10.0:
  version "2.0.4"
  resolved "https://registry.yarnpkg.com/whatwg-fetch/-/whatwg-fetch-2.0.4.tgz#dde6a5df315f9d39991aa17621853d720b85566f"
