# THIS IS AN AUTOGENERATED FILE. DO NOT EDIT THIS FILE DIRECTLY.
# yarn lockfile v1


"@algolia/cache-browser-local-storage@4.25.2":
  version "4.25.2"
  resolved "https://registry.yarnpkg.com/@algolia/cache-browser-local-storage/-/cache-browser-local-storage-4.25.2.tgz#0b33da0d72267a7e03b1a77f1054855fe3568b5b"
  integrity sha512-tA1rqAafI+gUdewjZwyTsZVxesl22MTgLWRKt1+TBiL26NiKx7SjRqTI3pzm8ngx1ftM5LSgXkVIgk2+SRgPTg==
  dependencies:
    "@algolia/cache-common" "4.25.2"

"@algolia/cache-common@4.25.2":
  version "4.25.2"
  resolved "https://registry.yarnpkg.com/@algolia/cache-common/-/cache-common-4.25.2.tgz#5c588b9e2342990033c94dff1fee4448036e6b66"
  integrity sha512-E+aZwwwmhvZXsRA1+8DhH2JJIwugBzHivASTnoq7bmv0nmForLyH7rMG5cOTiDK36DDLnKq1rMGzxWZZ70KZag==

"@algolia/cache-in-memory@4.25.2":
  version "4.25.2"
  resolved "https://registry.yarnpkg.com/@algolia/cache-in-memory/-/cache-in-memory-4.25.2.tgz#ba516986b029d5dbff7a141835936fa0118ea60f"
  integrity sha512-KYcenhfPKgR+WJ6IEwKVEFMKKCWLZdnYuw08+3Pn1cxAXbJcTIKjoYgEXzEW6gJmDaau2l55qNrZo6MBbX7+sw==
  dependencies:
    "@algolia/cache-common" "4.25.2"

"@algolia/client-account@4.25.2":
  version "4.25.2"
  resolved "https://registry.yarnpkg.com/@algolia/client-account/-/client-account-4.25.2.tgz#9402e0eef8b4175d22a5e877e20a7a494d005d0a"
  integrity sha512-IfRGhBxvjli9mdexrCxX2N4XT9NBN3tvZK5zCaL8zkDcgsthiM9WPvGIZS/pl/FuXB7hA0lE5kqOzsQDP6OmGQ==
  dependencies:
    "@algolia/client-common" "4.25.2"
    "@algolia/client-search" "4.25.2"
    "@algolia/transporter" "4.25.2"

"@algolia/client-analytics@4.25.2":
  version "4.25.2"
  resolved "https://registry.yarnpkg.com/@algolia/client-analytics/-/client-analytics-4.25.2.tgz#c0815f9e18ef7ef94f93ab908b1c69f8651eb13c"
  integrity sha512-4Yxxhxh+XjXY8zPyo+h6tQuyoJWDBn8E3YLr8j+YAEy5p+r3/5Tp+ANvQ+hNaQXbwZpyf5d4ViYOBjJ8+bWNEg==
  dependencies:
    "@algolia/client-common" "4.25.2"
    "@algolia/client-search" "4.25.2"
    "@algolia/requester-common" "4.25.2"
    "@algolia/transporter" "4.25.2"

"@algolia/client-common@4.25.2":
  version "4.25.2"
  resolved "https://registry.yarnpkg.com/@algolia/client-common/-/client-common-4.25.2.tgz#0f70d3b801db0c01a86b056f4b7e03848ca5da7e"
  integrity sha512-HXX8vbJPYW29P18GxciiwaDpQid6UhpPP9nW9WE181uGUgFhyP5zaEkYWf9oYBrjMubrGwXi5YEzJOz6Oa4faA==
  dependencies:
    "@algolia/requester-common" "4.25.2"
    "@algolia/transporter" "4.25.2"

"@algolia/client-personalization@4.25.2":
  version "4.25.2"
  resolved "https://registry.yarnpkg.com/@algolia/client-personalization/-/client-personalization-4.25.2.tgz#3cf85d2200329577ca14cd245007077c3f0ff638"
  integrity sha512-K81PRaHF77mHv2u8foWTHnIf5c+QNf/SnKNM7rB8JPi7TMYi4E5o2mFbgdU1ovd8eg9YMOEAuLkl1Nz1vbM3zQ==
  dependencies:
    "@algolia/client-common" "4.25.2"
    "@algolia/requester-common" "4.25.2"
    "@algolia/transporter" "4.25.2"

"@algolia/client-search@4.25.2":
  version "4.25.2"
  resolved "https://registry.yarnpkg.com/@algolia/client-search/-/client-search-4.25.2.tgz#330d2aaee9fba7bd191466004080b0335404f36d"
  integrity sha512-pO/LpVnQlbJpcHRk+AroWyyFnh01eOlO6/uLZRUmYvr/hpKZKxI6n7ufgTawbo0KrAu2CePfiOkStYOmDuRjzQ==
  dependencies:
    "@algolia/client-common" "4.25.2"
    "@algolia/requester-common" "4.25.2"
    "@algolia/transporter" "4.25.2"

"@algolia/logger-common@4.25.2":
  version "4.25.2"
  resolved "https://registry.yarnpkg.com/@algolia/logger-common/-/logger-common-4.25.2.tgz#f4c6f89f7fa032721024f61a929de2b6a614da55"
  integrity sha512-aUXpcodoIpLPsnVc2OHgC9E156R7yXWLW2l+Zn24Cyepfq3IvmuVckBvJDpp7nPnXkEzeMuvnVxQfQsk+zP/BA==

"@algolia/logger-console@4.25.2":
  version "4.25.2"
  resolved "https://registry.yarnpkg.com/@algolia/logger-console/-/logger-console-4.25.2.tgz#eef298cedd2b44cb5e67b0e9f93c1c6605339aab"
  integrity sha512-H3Y+UB0Ty0htvMJ6zDSufhFTSDlg3Pyj3AXilfDdDRcvfhH4C/cJNVm+CTaGORxL5uKABGsBp+SZjsEMTyAunQ==
  dependencies:
    "@algolia/logger-common" "4.25.2"

"@algolia/recommend@4.25.2":
  version "4.25.2"
  resolved "https://registry.yarnpkg.com/@algolia/recommend/-/recommend-4.25.2.tgz#3f052e485fa8bb57efd37acfeb589ada8f7fe018"
  integrity sha512-puRrGeXwAuVa4mLdvXvmxHRFz9MkcCOLPcjz7MjU4NihlpIa+lZYgikJ7z0SUAaYgd6l5Bh00hXiU/OlX5ffXQ==
  dependencies:
    "@algolia/cache-browser-local-storage" "4.25.2"
    "@algolia/cache-common" "4.25.2"
    "@algolia/cache-in-memory" "4.25.2"
    "@algolia/client-common" "4.25.2"
    "@algolia/client-search" "4.25.2"
    "@algolia/logger-common" "4.25.2"
    "@algolia/logger-console" "4.25.2"
    "@algolia/requester-browser-xhr" "4.25.2"
    "@algolia/requester-common" "4.25.2"
    "@algolia/requester-node-http" "4.25.2"
    "@algolia/transporter" "4.25.2"

"@algolia/requester-browser-xhr@4.25.2":
  version "4.25.2"
  resolved "https://registry.yarnpkg.com/@algolia/requester-browser-xhr/-/requester-browser-xhr-4.25.2.tgz#6e20ef10e94dcda218f4606c9df7f1b1609f6c7c"
  integrity sha512-aAjfsI0AjWgXLh/xr9eoR8/9HekBkIER3bxGoBf9d1XWMMoTo/q92Da2fewkxwLE6mla95QJ9suJGOtMOewXXQ==
  dependencies:
    "@algolia/requester-common" "4.25.2"

"@algolia/requester-common@4.25.2":
  version "4.25.2"
  resolved "https://registry.yarnpkg.com/@algolia/requester-common/-/requester-common-4.25.2.tgz#f7e6d2c82bc45d37e901564ac1b7b90f28bcc085"
  integrity sha512-Q4wC3sgY0UFjV3Rb3icRLTpPB5/M44A8IxzJHM9PNeK1T3iX7X/fmz7ATUYQYZTpwHCYATlsQKWiTpql1hHjVg==

"@algolia/requester-node-http@4.25.2":
  version "4.25.2"
  resolved "https://registry.yarnpkg.com/@algolia/requester-node-http/-/requester-node-http-4.25.2.tgz#a60d80007f8b2bb2d6b834e36146b44f58c2a23a"
  integrity sha512-Ja/FYB7W9ZM+m8UrMIlawNUAKpncvb9Mo+D8Jq5WepGTUyQ9CBYLsjwxv9O8wbj3TSWqTInf4uUBJ2FKR8G7xw==
  dependencies:
    "@algolia/requester-common" "4.25.2"

"@algolia/transporter@4.25.2":
  version "4.25.2"
  resolved "https://registry.yarnpkg.com/@algolia/transporter/-/transporter-4.25.2.tgz#f1261244121f468aeff4cea7a6ee9701f8f2f957"
  integrity sha512-yw3RLHWc6V+pbdsFtq8b6T5bJqLDqnfKWS7nac1Vzcmgvs/V/Lfy7/6iOF9XRilu5aBDOBHoP1SOeIDghguzWw==
  dependencies:
    "@algolia/cache-common" "4.25.2"
    "@algolia/logger-common" "4.25.2"
    "@algolia/requester-common" "4.25.2"

algoliasearch@^4.0.0:
  version "4.25.2"
  resolved "https://registry.yarnpkg.com/algoliasearch/-/algoliasearch-4.25.2.tgz#32ee139f1cb8874c88f9162bf45c2658e5285062"
  integrity sha512-lYx98L6kb1VvXypbPI7Z54C4BJB2VT5QvOYthvPq6/POufZj+YdyeZSKjoLBKHJgGmYWQTHOKtcCTdKf98WOCA==
  dependencies:
    "@algolia/cache-browser-local-storage" "4.25.2"
    "@algolia/cache-common" "4.25.2"
    "@algolia/cache-in-memory" "4.25.2"
    "@algolia/client-account" "4.25.2"
    "@algolia/client-analytics" "4.25.2"
    "@algolia/client-common" "4.25.2"
    "@algolia/client-personalization" "4.25.2"
    "@algolia/client-search" "4.25.2"
    "@algolia/logger-common" "4.25.2"
    "@algolia/logger-console" "4.25.2"
    "@algolia/recommend" "4.25.2"
    "@algolia/requester-browser-xhr" "4.25.2"
    "@algolia/requester-common" "4.25.2"
    "@algolia/requester-node-http" "4.25.2"
    "@algolia/transporter" "4.25.2"

asap@~2.0.3:
  version "2.0.6"
  resolved "https://registry.yarnpkg.com/asap/-/asap-2.0.6.tgz#e50347611d7e690943208bbdafebcbc2fb866d46"

babel-runtime@^6.18.0:
  version "6.26.0"
  resolved "https://registry.yarnpkg.com/babel-runtime/-/babel-runtime-6.26.0.tgz#965c7058668e82b55d7bfe04ff2337bc8b5647fe"
  dependencies:
    core-js "^2.4.0"
    regenerator-runtime "^0.11.0"

"bluebird@>= 3.0.1":
  version "3.5.1"
  resolved "https://registry.yarnpkg.com/bluebird/-/bluebird-3.5.1.tgz#d9551f9de98f1fcda1e683d17ee91a0602ee2eb9"

charenc@~0.0.1:
  version "0.0.2"
  resolved "https://registry.yarnpkg.com/charenc/-/charenc-0.0.2.tgz#c0a1d2f3a7092e03774bfa83f14c0fc5790a8667"

cookie@0.3.1:
  version "0.3.1"
  resolved "https://registry.yarnpkg.com/cookie/-/cookie-0.3.1.tgz#e7e0a1f9ef43b4c8ba925c5c5a96e806d16873bb"

core-js@^1.0.0:
  version "1.2.7"
  resolved "https://registry.yarnpkg.com/core-js/-/core-js-1.2.7.tgz#652294c14651db28fa93bd2d5ff2983a4f08c636"

core-js@^2.4.0:
  version "2.5.5"
  resolved "https://registry.yarnpkg.com/core-js/-/core-js-2.5.5.tgz#b14dde936c640c0579a6b50cabcc132dd6127e3b"

crypt@~0.0.1:
  version "0.0.2"
  resolved "https://registry.yarnpkg.com/crypt/-/crypt-0.0.2.tgz#88d7ff7ec0dfb86f713dc87bbb42d044d3e6c41b"

debug@^2.6.8:
  version "2.6.9"
  resolved "https://registry.yarnpkg.com/debug/-/debug-2.6.9.tgz#5d128515df134ff327e90a4c93f4e077a536341f"
  dependencies:
    ms "2.0.0"

draft-js@^0.10.3:
  version "0.10.5"
  resolved "https://registry.yarnpkg.com/draft-js/-/draft-js-0.10.5.tgz#bfa9beb018fe0533dbb08d6675c371a6b08fa742"
  dependencies:
    fbjs "^0.8.15"
    immutable "~3.7.4"
    object-assign "^4.1.0"

emoji-regex@^6.1.1:
  version "6.5.1"
  resolved "https://registry.yarnpkg.com/emoji-regex/-/emoji-regex-6.5.1.tgz#9baea929b155565c11ea41c6626eaa65cef992c2"

encoding@^0.1.11:
  version "0.1.12"
  resolved "https://registry.yarnpkg.com/encoding/-/encoding-0.1.12.tgz#538b66f3ee62cd1ab51ec323829d1f9480c74beb"
  dependencies:
    iconv-lite "~0.4.13"

fbjs@^0.8.15:
  version "0.8.16"
  resolved "https://registry.yarnpkg.com/fbjs/-/fbjs-0.8.16.tgz#5e67432f550dc41b572bf55847b8aca64e5337db"
  dependencies:
    core-js "^1.0.0"
    isomorphic-fetch "^2.1.1"
    loose-envify "^1.0.0"
    object-assign "^4.1.0"
    promise "^7.1.1"
    setimmediate "^1.0.5"
    ua-parser-js "^0.7.9"

iconv-lite@~0.4.13:
  version "0.4.19"
  resolved "https://registry.yarnpkg.com/iconv-lite/-/iconv-lite-0.4.19.tgz#f7468f60135f5e5dad3399c0a81be9a1603a082b"

immutable@~3.7.4:
  version "3.7.6"
  resolved "https://registry.yarnpkg.com/immutable/-/immutable-3.7.6.tgz#13b4d3cb12befa15482a26fe1b2ebae640071e4b"

is-buffer@~1.1.1:
  version "1.1.6"
  resolved "https://registry.yarnpkg.com/is-buffer/-/is-buffer-1.1.6.tgz#efaa2ea9daa0d7ab2ea13a97b2b8ad51fefbe8be"

is-stream@^1.0.1:
  version "1.1.0"
  resolved "https://registry.yarnpkg.com/is-stream/-/is-stream-1.1.0.tgz#12d4a3dd4e68e0b79ceb8dbc84173ae80d91ca44"

isomorphic-fetch@^2.1.1:
  version "2.2.1"
  resolved "https://registry.yarnpkg.com/isomorphic-fetch/-/isomorphic-fetch-2.2.1.tgz#611ae1acf14f5e81f729507472819fe9733558a9"
  dependencies:
    node-fetch "^1.0.1"
    whatwg-fetch ">=0.10.0"

js-tokens@^3.0.0:
  version "3.0.2"
  resolved "https://registry.yarnpkg.com/js-tokens/-/js-tokens-3.0.2.tgz#9866df395102130e38f7f996bceb65443209c25b"

json-stringify-pretty-compact@^1.2.0:
  version "1.2.0"
  resolved "https://registry.yarnpkg.com/json-stringify-pretty-compact/-/json-stringify-pretty-compact-1.2.0.tgz#0bc316b5e6831c07041fc35612487fb4e9ab98b8"

loose-envify@^1.0.0:
  version "1.3.1"
  resolved "https://registry.yarnpkg.com/loose-envify/-/loose-envify-1.3.1.tgz#d1a8ad33fa9ce0e713d65fdd0ac8b748d478c848"
  dependencies:
    js-tokens "^3.0.0"

md5@^2.2.1:
  version "2.2.1"
  resolved "https://registry.yarnpkg.com/md5/-/md5-2.2.1.tgz#53ab38d5fe3c8891ba465329ea23fac0540126f9"
  dependencies:
    charenc "~0.0.1"
    crypt "~0.0.1"
    is-buffer "~1.1.1"

ms@2.0.0:
  version "2.0.0"
  resolved "https://registry.yarnpkg.com/ms/-/ms-2.0.0.tgz#5608aeadfc00be6c2901df5f9861788de0d597c8"

node-env-file@^0.1.8:
  version "0.1.8"
  resolved "https://registry.yarnpkg.com/node-env-file/-/node-env-file-0.1.8.tgz#fccb7b050f735b5a33da9eb937cf6f1ab457fb69"

node-fetch@^1.0.1:
  version "1.7.3"
  resolved "https://registry.yarnpkg.com/node-fetch/-/node-fetch-1.7.3.tgz#980f6f72d85211a5347c6b2bc18c5b84c3eb47ef"
  dependencies:
    encoding "^0.1.11"
    is-stream "^1.0.1"

now-env@^3.1.0:
  version "3.1.0"
  resolved "https://registry.yarnpkg.com/now-env/-/now-env-3.1.0.tgz#e0198b67279d387229cfd4b25de4c2fc7156943f"

object-assign@^4.1.0:
  version "4.1.1"
  resolved "https://registry.yarnpkg.com/object-assign/-/object-assign-4.1.1.tgz#2109adc7965887cfc05cbbd442cac8bfbb360863"

promise@^7.1.1:
  version "7.3.1"
  resolved "https://registry.yarnpkg.com/promise/-/promise-7.3.1.tgz#064b72602b18f90f29192b8b1bc418ffd1ebd3bf"
  dependencies:
    asap "~2.0.3"

raven@^2.6.3:
  version "2.6.3"
  resolved "https://registry.yarnpkg.com/raven/-/raven-2.6.3.tgz#207475a12809277ef54eaceafe2597ff65262ab4"
  dependencies:
    cookie "0.3.1"
    md5 "^2.2.1"
    stack-trace "0.0.10"
    timed-out "4.0.1"
    uuid "3.0.0"

regenerator-runtime@^0.11.0:
  version "0.11.1"
  resolved "https://registry.yarnpkg.com/regenerator-runtime/-/regenerator-runtime-0.11.1.tgz#be05ad7f9bf7d22e056f9726cee5017fbf19e2e9"

rethinkdb-changefeed-reconnect@^0.3.2:
  version "0.3.2"
  resolved "https://registry.yarnpkg.com/rethinkdb-changefeed-reconnect/-/rethinkdb-changefeed-reconnect-0.3.2.tgz#2999f5313205ab35d9ac2d1b0533765ee3376923"
  dependencies:
    babel-runtime "^6.18.0"

rethinkdbdash@^2.3.29:
  version "2.3.31"
  resolved "https://registry.yarnpkg.com/rethinkdbdash/-/rethinkdbdash-2.3.31.tgz#fe2f73d1fa6e6f5d96d8e881292013cf6dca914d"
  dependencies:
    bluebird ">= 3.0.1"

setimmediate@^1.0.5:
  version "1.0.5"
  resolved "https://registry.yarnpkg.com/setimmediate/-/setimmediate-1.0.5.tgz#290cbb232e306942d7d7ea9b83732ab7856f8285"

source-map-support@^0.4.15:
  version "0.4.18"
  resolved "https://registry.yarnpkg.com/source-map-support/-/source-map-support-0.4.18.tgz#0286a6de8be42641338594e97ccea75f0a2c585f"
  dependencies:
    source-map "^0.5.6"

source-map@^0.5.6:
  version "0.5.7"
  resolved "https://registry.yarnpkg.com/source-map/-/source-map-0.5.7.tgz#8a039d2d1021d22d1ea14c80d8ea468ba2ef3fcc"

stack-trace@0.0.10:
  version "0.0.10"
  resolved "https://registry.yarnpkg.com/stack-trace/-/stack-trace-0.0.10.tgz#547c70b347e8d32b4e108ea1a2a159e5fdde19c0"

stopword@^0.1.10:
  version "0.1.10"
  resolved "https://registry.yarnpkg.com/stopword/-/stopword-0.1.10.tgz#22bc2ffbbe387ee1d9773ca093da189fc78a643a"

timed-out@4.0.1:
  version "4.0.1"
  resolved "https://registry.yarnpkg.com/timed-out/-/timed-out-4.0.1.tgz#f32eacac5a175bea25d7fab565ab3ed8741ef56f"

toobusy-js@^0.5.1:
  version "0.5.1"
  resolved "https://registry.yarnpkg.com/toobusy-js/-/toobusy-js-0.5.1.tgz#5511f78f6a87a6a512d44fdb0efa13672217f659"

ua-parser-js@^0.7.9:
  version "0.7.17"
  resolved "https://registry.yarnpkg.com/ua-parser-js/-/ua-parser-js-0.7.17.tgz#e9ec5f9498b9ec910e7ae3ac626a805c4d09ecac"

uuid@3.0.0:
  version "3.0.0"
  resolved "https://registry.yarnpkg.com/uuid/-/uuid-3.0.0.tgz#6728fc0459c450d796a99c31837569bdf672d728"

whatwg-fetch@>=0.10.0:
  version "2.0.4"
  resolved "https://registry.yarnpkg.com/whatwg-fetch/-/whatwg-fetch-2.0.4.tgz#dde6a5df315f9d39991aa17621853d720b85566f"
